
Microsoft Visual Studio Solution File, Format Version 12.00
# Visual Studio 15
Project("{FAE04EC0-301F-11D3-BF4B-00C04F79EFBC}") = "UnityEngine.TestRunner", "UnityEngine.TestRunner.csproj", "{6F361341-F590-6E98-6E96-84C2AA8CB14E}"
EndProject
Project("{FAE04EC0-301F-11D3-BF4B-00C04F79EFBC}") = "Unity.Mathematics", "Unity.Mathematics.csproj", "{1462C70D-46F7-C3E2-10A3-F9AEDD7B4DF3}"
EndProject
Project("{FAE04EC0-301F-11D3-BF4B-00C04F79EFBC}") = "Unity.2D.Animation.Triangle.Runtime", "Unity.2D.Animation.Triangle.Runtime.csproj", "{AD26AE88-C980-52E0-1CD2-5D225E127E9C}"
EndProject
Project("{FAE04EC0-301F-11D3-BF4B-00C04F79EFBC}") = "Unity.Timeline", "Unity.Timeline.csproj", "{547AF8BF-64CF-9557-3C5F-E0A85552C1FC}"
EndProject
Project("{FAE04EC0-301F-11D3-BF4B-00C04F79EFBC}") = "Unity.TextMeshPro", "Unity.TextMeshPro.csproj", "{5CF53598-F747-E10F-2BF9-EEBF3B3A2E30}"
EndProject
Project("{FAE04EC0-301F-11D3-BF4B-00C04F79EFBC}") = "Unity.2D.Animation.Runtime", "Unity.2D.Animation.Runtime.csproj", "{D34E25A9-0CEC-7C7E-9A38-58A23336D334}"
EndProject
Project("{FAE04EC0-301F-11D3-BF4B-00C04F79EFBC}") = "Unity.2D.IK.Runtime", "Unity.2D.IK.Runtime.csproj", "{90F35728-F489-5CB7-E8BF-99B197AEEBF8}"
EndProject
Project("{FAE04EC0-301F-11D3-BF4B-00C04F79EFBC}") = "Unity.2D.SpriteShape.Runtime", "Unity.2D.SpriteShape.Runtime.csproj", "{50882DB3-11CA-BB1B-194B-32110F339FF1}"
EndProject
Project("{FAE04EC0-301F-11D3-BF4B-00C04F79EFBC}") = "Unity.2D.PixelPerfect", "Unity.2D.PixelPerfect.csproj", "{A26B29C2-8F4C-8E78-FC2A-6E43C0FBC174}"
EndProject
Project("{FAE04EC0-301F-11D3-BF4B-00C04F79EFBC}") = "Unity.2D.Common.Runtime", "Unity.2D.Common.Runtime.csproj", "{A00B96BF-6FF7-44B2-1391-0788FCCA6B6C}"
EndProject
Project("{FAE04EC0-301F-11D3-BF4B-00C04F79EFBC}") = "Unity.InternalAPIEngineBridge.001", "Unity.InternalAPIEngineBridge.001.csproj", "{11034073-079E-1906-45D6-AF37E1717919}"
EndProject
Project("{FAE04EC0-301F-11D3-BF4B-00C04F79EFBC}") = "UnityEditor.TestRunner", "UnityEditor.TestRunner.csproj", "{E1A5473A-751E-60E4-AAFE-7BB98CE9A930}"
EndProject
Project("{FAE04EC0-301F-11D3-BF4B-00C04F79EFBC}") = "Unity.PlasticSCM.Editor", "Unity.PlasticSCM.Editor.csproj", "{82DB4791-0B76-8F05-0949-1C04EA268DE6}"
EndProject
Project("{FAE04EC0-301F-11D3-BF4B-00C04F79EFBC}") = "Unity.Services.Core.Editor", "Unity.Services.Core.Editor.csproj", "{881C5EBD-8535-9E8F-9BA1-15B1A39FDD5F}"
EndProject
Project("{FAE04EC0-301F-11D3-BF4B-00C04F79EFBC}") = "Unity.Timeline.Editor", "Unity.Timeline.Editor.csproj", "{978DE7F6-AF7E-4D57-3021-8E35D49C4301}"
EndProject
Project("{FAE04EC0-301F-11D3-BF4B-00C04F79EFBC}") = "Unity.VisualStudio.Editor", "Unity.VisualStudio.Editor.csproj", "{08B81B66-BE3A-3526-D5E9-340CDA3C2CEC}"
EndProject
Project("{FAE04EC0-301F-11D3-BF4B-00C04F79EFBC}") = "Unity.2D.Psdimporter.Editor", "Unity.2D.Psdimporter.Editor.csproj", "{FD6A18E0-A037-43F3-3455-8D0BFED17E23}"
EndProject
Project("{FAE04EC0-301F-11D3-BF4B-00C04F79EFBC}") = "Unity.2D.Animation.Editor", "Unity.2D.Animation.Editor.csproj", "{2A4954A0-B397-2788-9626-ECDEC6ABCF0D}"
EndProject
Project("{FAE04EC0-301F-11D3-BF4B-00C04F79EFBC}") = "Unity.TextMeshPro.Editor", "Unity.TextMeshPro.Editor.csproj", "{653C7A7D-999C-3E86-5C67-FB4C2F5CF3A9}"
EndProject
Project("{FAE04EC0-301F-11D3-BF4B-00C04F79EFBC}") = "Unity.2D.SpriteShape.Editor", "Unity.2D.SpriteShape.Editor.csproj", "{D6CC8352-2E01-C2AB-70BD-0FF450330F0C}"
EndProject
Project("{FAE04EC0-301F-11D3-BF4B-00C04F79EFBC}") = "Unity.CollabProxy.Editor", "Unity.CollabProxy.Editor.csproj", "{07C1B8CF-EBE6-EB38-B2CF-475D524D6DC2}"
EndProject
Project("{FAE04EC0-301F-11D3-BF4B-00C04F79EFBC}") = "PsdPlugin", "PsdPlugin.csproj", "{55685013-EAE5-A85E-67EE-EB19346830F0}"
EndProject
Project("{FAE04EC0-301F-11D3-BF4B-00C04F79EFBC}") = "Unity.2D.Path.Editor", "Unity.2D.Path.Editor.csproj", "{9DEFB190-323B-60F1-949B-2EA4655D3F6E}"
EndProject
Project("{FAE04EC0-301F-11D3-BF4B-00C04F79EFBC}") = "Unity.Rider.Editor", "Unity.Rider.Editor.csproj", "{7EAB8660-38D3-3358-A347-CEFFA929C7AB}"
EndProject
Project("{FAE04EC0-301F-11D3-BF4B-00C04F79EFBC}") = "Unity.2D.IK.Editor", "Unity.2D.IK.Editor.csproj", "{47FF19DE-B34E-8BEA-D842-F5899637F76E}"
EndProject
Project("{FAE04EC0-301F-11D3-BF4B-00C04F79EFBC}") = "Unity.2D.PixelPerfect.Editor", "Unity.2D.PixelPerfect.Editor.csproj", "{18C0989A-958A-9CCE-596E-5EFFB4F89BF8}"
EndProject
Project("{FAE04EC0-301F-11D3-BF4B-00C04F79EFBC}") = "Unity.VSCode.Editor", "Unity.VSCode.Editor.csproj", "{9B86C623-1FB2-26CA-9BAC-3958FAA903AE}"
EndProject
Project("{FAE04EC0-301F-11D3-BF4B-00C04F79EFBC}") = "Unity.2D.Common.Editor", "Unity.2D.Common.Editor.csproj", "{0EC0B727-FF55-2925-327B-4644732405DB}"
EndProject
Project("{FAE04EC0-301F-11D3-BF4B-00C04F79EFBC}") = "Unity.Mathematics.Editor", "Unity.Mathematics.Editor.csproj", "{D866F477-54D2-C344-2BBA-5591669DDEE7}"
EndProject
Project("{FAE04EC0-301F-11D3-BF4B-00C04F79EFBC}") = "Unity.InternalAPIEditorBridge.001", "Unity.InternalAPIEditorBridge.001.csproj", "{85E9DFCE-B901-1F1E-4374-0168E653713A}"
EndProject
Global
	GlobalSection(SolutionConfigurationPlatforms) = preSolution
		Debug|Any CPU = Debug|Any CPU
		Release|Any CPU = Release|Any CPU
	EndGlobalSection
	GlobalSection(ProjectConfigurationPlatforms) = postSolution
		{6F361341-F590-6E98-6E96-84C2AA8CB14E}.Debug|Any CPU.ActiveCfg = Debug|Any CPU
		{6F361341-F590-6E98-6E96-84C2AA8CB14E}.Debug|Any CPU.Build.0 = Debug|Any CPU
		{6F361341-F590-6E98-6E96-84C2AA8CB14E}.Release|Any CPU.ActiveCfg = Release|Any CPU
		{6F361341-F590-6E98-6E96-84C2AA8CB14E}.Release|Any CPU.Build.0 = Release|Any CPU
		{1462C70D-46F7-C3E2-10A3-F9AEDD7B4DF3}.Debug|Any CPU.ActiveCfg = Debug|Any CPU
		{1462C70D-46F7-C3E2-10A3-F9AEDD7B4DF3}.Debug|Any CPU.Build.0 = Debug|Any CPU
		{1462C70D-46F7-C3E2-10A3-F9AEDD7B4DF3}.Release|Any CPU.ActiveCfg = Release|Any CPU
		{1462C70D-46F7-C3E2-10A3-F9AEDD7B4DF3}.Release|Any CPU.Build.0 = Release|Any CPU
		{AD26AE88-C980-52E0-1CD2-5D225E127E9C}.Debug|Any CPU.ActiveCfg = Debug|Any CPU
		{AD26AE88-C980-52E0-1CD2-5D225E127E9C}.Debug|Any CPU.Build.0 = Debug|Any CPU
		{AD26AE88-C980-52E0-1CD2-5D225E127E9C}.Release|Any CPU.ActiveCfg = Release|Any CPU
		{AD26AE88-C980-52E0-1CD2-5D225E127E9C}.Release|Any CPU.Build.0 = Release|Any CPU
		{547AF8BF-64CF-9557-3C5F-E0A85552C1FC}.Debug|Any CPU.ActiveCfg = Debug|Any CPU
		{547AF8BF-64CF-9557-3C5F-E0A85552C1FC}.Debug|Any CPU.Build.0 = Debug|Any CPU
		{547AF8BF-64CF-9557-3C5F-E0A85552C1FC}.Release|Any CPU.ActiveCfg = Release|Any CPU
		{547AF8BF-64CF-9557-3C5F-E0A85552C1FC}.Release|Any CPU.Build.0 = Release|Any CPU
		{5CF53598-F747-E10F-2BF9-EEBF3B3A2E30}.Debug|Any CPU.ActiveCfg = Debug|Any CPU
		{5CF53598-F747-E10F-2BF9-EEBF3B3A2E30}.Debug|Any CPU.Build.0 = Debug|Any CPU
		{5CF53598-F747-E10F-2BF9-EEBF3B3A2E30}.Release|Any CPU.ActiveCfg = Release|Any CPU
		{5CF53598-F747-E10F-2BF9-EEBF3B3A2E30}.Release|Any CPU.Build.0 = Release|Any CPU
		{D34E25A9-0CEC-7C7E-9A38-58A23336D334}.Debug|Any CPU.ActiveCfg = Debug|Any CPU
		{D34E25A9-0CEC-7C7E-9A38-58A23336D334}.Debug|Any CPU.Build.0 = Debug|Any CPU
		{D34E25A9-0CEC-7C7E-9A38-58A23336D334}.Release|Any CPU.ActiveCfg = Release|Any CPU
		{D34E25A9-0CEC-7C7E-9A38-58A23336D334}.Release|Any CPU.Build.0 = Release|Any CPU
		{90F35728-F489-5CB7-E8BF-99B197AEEBF8}.Debug|Any CPU.ActiveCfg = Debug|Any CPU
		{90F35728-F489-5CB7-E8BF-99B197AEEBF8}.Debug|Any CPU.Build.0 = Debug|Any CPU
		{90F35728-F489-5CB7-E8BF-99B197AEEBF8}.Release|Any CPU.ActiveCfg = Release|Any CPU
		{90F35728-F489-5CB7-E8BF-99B197AEEBF8}.Release|Any CPU.Build.0 = Release|Any CPU
		{50882DB3-11CA-BB1B-194B-32110F339FF1}.Debug|Any CPU.ActiveCfg = Debug|Any CPU
		{50882DB3-11CA-BB1B-194B-32110F339FF1}.Debug|Any CPU.Build.0 = Debug|Any CPU
		{50882DB3-11CA-BB1B-194B-32110F339FF1}.Release|Any CPU.ActiveCfg = Release|Any CPU
		{50882DB3-11CA-BB1B-194B-32110F339FF1}.Release|Any CPU.Build.0 = Release|Any CPU
		{A26B29C2-8F4C-8E78-FC2A-6E43C0FBC174}.Debug|Any CPU.ActiveCfg = Debug|Any CPU
		{A26B29C2-8F4C-8E78-FC2A-6E43C0FBC174}.Debug|Any CPU.Build.0 = Debug|Any CPU
		{A26B29C2-8F4C-8E78-FC2A-6E43C0FBC174}.Release|Any CPU.ActiveCfg = Release|Any CPU
		{A26B29C2-8F4C-8E78-FC2A-6E43C0FBC174}.Release|Any CPU.Build.0 = Release|Any CPU
		{A00B96BF-6FF7-44B2-1391-0788FCCA6B6C}.Debug|Any CPU.ActiveCfg = Debug|Any CPU
		{A00B96BF-6FF7-44B2-1391-0788FCCA6B6C}.Debug|Any CPU.Build.0 = Debug|Any CPU
		{A00B96BF-6FF7-44B2-1391-0788FCCA6B6C}.Release|Any CPU.ActiveCfg = Release|Any CPU
		{A00B96BF-6FF7-44B2-1391-0788FCCA6B6C}.Release|Any CPU.Build.0 = Release|Any CPU
		{11034073-079E-1906-45D6-AF37E1717919}.Debug|Any CPU.ActiveCfg = Debug|Any CPU
		{11034073-079E-1906-45D6-AF37E1717919}.Debug|Any CPU.Build.0 = Debug|Any CPU
		{11034073-079E-1906-45D6-AF37E1717919}.Release|Any CPU.ActiveCfg = Release|Any CPU
		{11034073-079E-1906-45D6-AF37E1717919}.Release|Any CPU.Build.0 = Release|Any CPU
		{E1A5473A-751E-60E4-AAFE-7BB98CE9A930}.Debug|Any CPU.ActiveCfg = Debug|Any CPU
		{E1A5473A-751E-60E4-AAFE-7BB98CE9A930}.Debug|Any CPU.Build.0 = Debug|Any CPU
		{E1A5473A-751E-60E4-AAFE-7BB98CE9A930}.Release|Any CPU.ActiveCfg = Release|Any CPU
		{E1A5473A-751E-60E4-AAFE-7BB98CE9A930}.Release|Any CPU.Build.0 = Release|Any CPU
		{82DB4791-0B76-8F05-0949-1C04EA268DE6}.Debug|Any CPU.ActiveCfg = Debug|Any CPU
		{82DB4791-0B76-8F05-0949-1C04EA268DE6}.Debug|Any CPU.Build.0 = Debug|Any CPU
		{82DB4791-0B76-8F05-0949-1C04EA268DE6}.Release|Any CPU.ActiveCfg = Release|Any CPU
		{82DB4791-0B76-8F05-0949-1C04EA268DE6}.Release|Any CPU.Build.0 = Release|Any CPU
		{881C5EBD-8535-9E8F-9BA1-15B1A39FDD5F}.Debug|Any CPU.ActiveCfg = Debug|Any CPU
		{881C5EBD-8535-9E8F-9BA1-15B1A39FDD5F}.Debug|Any CPU.Build.0 = Debug|Any CPU
		{881C5EBD-8535-9E8F-9BA1-15B1A39FDD5F}.Release|Any CPU.ActiveCfg = Release|Any CPU
		{881C5EBD-8535-9E8F-9BA1-15B1A39FDD5F}.Release|Any CPU.Build.0 = Release|Any CPU
		{978DE7F6-AF7E-4D57-3021-8E35D49C4301}.Debug|Any CPU.ActiveCfg = Debug|Any CPU
		{978DE7F6-AF7E-4D57-3021-8E35D49C4301}.Debug|Any CPU.Build.0 = Debug|Any CPU
		{978DE7F6-AF7E-4D57-3021-8E35D49C4301}.Release|Any CPU.ActiveCfg = Release|Any CPU
		{978DE7F6-AF7E-4D57-3021-8E35D49C4301}.Release|Any CPU.Build.0 = Release|Any CPU
		{08B81B66-BE3A-3526-D5E9-340CDA3C2CEC}.Debug|Any CPU.ActiveCfg = Debug|Any CPU
		{08B81B66-BE3A-3526-D5E9-340CDA3C2CEC}.Debug|Any CPU.Build.0 = Debug|Any CPU
		{08B81B66-BE3A-3526-D5E9-340CDA3C2CEC}.Release|Any CPU.ActiveCfg = Release|Any CPU
		{08B81B66-BE3A-3526-D5E9-340CDA3C2CEC}.Release|Any CPU.Build.0 = Release|Any CPU
		{FD6A18E0-A037-43F3-3455-8D0BFED17E23}.Debug|Any CPU.ActiveCfg = Debug|Any CPU
		{FD6A18E0-A037-43F3-3455-8D0BFED17E23}.Debug|Any CPU.Build.0 = Debug|Any CPU
		{FD6A18E0-A037-43F3-3455-8D0BFED17E23}.Release|Any CPU.ActiveCfg = Release|Any CPU
		{FD6A18E0-A037-43F3-3455-8D0BFED17E23}.Release|Any CPU.Build.0 = Release|Any CPU
		{2A4954A0-B397-2788-9626-ECDEC6ABCF0D}.Debug|Any CPU.ActiveCfg = Debug|Any CPU
		{2A4954A0-B397-2788-9626-ECDEC6ABCF0D}.Debug|Any CPU.Build.0 = Debug|Any CPU
		{2A4954A0-B397-2788-9626-ECDEC6ABCF0D}.Release|Any CPU.ActiveCfg = Release|Any CPU
		{2A4954A0-B397-2788-9626-ECDEC6ABCF0D}.Release|Any CPU.Build.0 = Release|Any CPU
		{653C7A7D-999C-3E86-5C67-FB4C2F5CF3A9}.Debug|Any CPU.ActiveCfg = Debug|Any CPU
		{653C7A7D-999C-3E86-5C67-FB4C2F5CF3A9}.Debug|Any CPU.Build.0 = Debug|Any CPU
		{653C7A7D-999C-3E86-5C67-FB4C2F5CF3A9}.Release|Any CPU.ActiveCfg = Release|Any CPU
		{653C7A7D-999C-3E86-5C67-FB4C2F5CF3A9}.Release|Any CPU.Build.0 = Release|Any CPU
		{D6CC8352-2E01-C2AB-70BD-0FF450330F0C}.Debug|Any CPU.ActiveCfg = Debug|Any CPU
		{D6CC8352-2E01-C2AB-70BD-0FF450330F0C}.Debug|Any CPU.Build.0 = Debug|Any CPU
		{D6CC8352-2E01-C2AB-70BD-0FF450330F0C}.Release|Any CPU.ActiveCfg = Release|Any CPU
		{D6CC8352-2E01-C2AB-70BD-0FF450330F0C}.Release|Any CPU.Build.0 = Release|Any CPU
		{07C1B8CF-EBE6-EB38-B2CF-475D524D6DC2}.Debug|Any CPU.ActiveCfg = Debug|Any CPU
		{07C1B8CF-EBE6-EB38-B2CF-475D524D6DC2}.Debug|Any CPU.Build.0 = Debug|Any CPU
		{07C1B8CF-EBE6-EB38-B2CF-475D524D6DC2}.Release|Any CPU.ActiveCfg = Release|Any CPU
		{07C1B8CF-EBE6-EB38-B2CF-475D524D6DC2}.Release|Any CPU.Build.0 = Release|Any CPU
		{55685013-EAE5-A85E-67EE-EB19346830F0}.Debug|Any CPU.ActiveCfg = Debug|Any CPU
		{55685013-EAE5-A85E-67EE-EB19346830F0}.Debug|Any CPU.Build.0 = Debug|Any CPU
		{55685013-EAE5-A85E-67EE-EB19346830F0}.Release|Any CPU.ActiveCfg = Release|Any CPU
		{55685013-EAE5-A85E-67EE-EB19346830F0}.Release|Any CPU.Build.0 = Release|Any CPU
		{9DEFB190-323B-60F1-949B-2EA4655D3F6E}.Debug|Any CPU.ActiveCfg = Debug|Any CPU
		{9DEFB190-323B-60F1-949B-2EA4655D3F6E}.Debug|Any CPU.Build.0 = Debug|Any CPU
		{9DEFB190-323B-60F1-949B-2EA4655D3F6E}.Release|Any CPU.ActiveCfg = Release|Any CPU
		{9DEFB190-323B-60F1-949B-2EA4655D3F6E}.Release|Any CPU.Build.0 = Release|Any CPU
		{7EAB8660-38D3-3358-A347-CEFFA929C7AB}.Debug|Any CPU.ActiveCfg = Debug|Any CPU
		{7EAB8660-38D3-3358-A347-CEFFA929C7AB}.Debug|Any CPU.Build.0 = Debug|Any CPU
		{7EAB8660-38D3-3358-A347-CEFFA929C7AB}.Release|Any CPU.ActiveCfg = Release|Any CPU
		{7EAB8660-38D3-3358-A347-CEFFA929C7AB}.Release|Any CPU.Build.0 = Release|Any CPU
		{47FF19DE-B34E-8BEA-D842-F5899637F76E}.Debug|Any CPU.ActiveCfg = Debug|Any CPU
		{47FF19DE-B34E-8BEA-D842-F5899637F76E}.Debug|Any CPU.Build.0 = Debug|Any CPU
		{47FF19DE-B34E-8BEA-D842-F5899637F76E}.Release|Any CPU.ActiveCfg = Release|Any CPU
		{47FF19DE-B34E-8BEA-D842-F5899637F76E}.Release|Any CPU.Build.0 = Release|Any CPU
		{18C0989A-958A-9CCE-596E-5EFFB4F89BF8}.Debug|Any CPU.ActiveCfg = Debug|Any CPU
		{18C0989A-958A-9CCE-596E-5EFFB4F89BF8}.Debug|Any CPU.Build.0 = Debug|Any CPU
		{18C0989A-958A-9CCE-596E-5EFFB4F89BF8}.Release|Any CPU.ActiveCfg = Release|Any CPU
		{18C0989A-958A-9CCE-596E-5EFFB4F89BF8}.Release|Any CPU.Build.0 = Release|Any CPU
		{9B86C623-1FB2-26CA-9BAC-3958FAA903AE}.Debug|Any CPU.ActiveCfg = Debug|Any CPU
		{9B86C623-1FB2-26CA-9BAC-3958FAA903AE}.Debug|Any CPU.Build.0 = Debug|Any CPU
		{9B86C623-1FB2-26CA-9BAC-3958FAA903AE}.Release|Any CPU.ActiveCfg = Release|Any CPU
		{9B86C623-1FB2-26CA-9BAC-3958FAA903AE}.Release|Any CPU.Build.0 = Release|Any CPU
		{0EC0B727-FF55-2925-327B-4644732405DB}.Debug|Any CPU.ActiveCfg = Debug|Any CPU
		{0EC0B727-FF55-2925-327B-4644732405DB}.Debug|Any CPU.Build.0 = Debug|Any CPU
		{0EC0B727-FF55-2925-327B-4644732405DB}.Release|Any CPU.ActiveCfg = Release|Any CPU
		{0EC0B727-FF55-2925-327B-4644732405DB}.Release|Any CPU.Build.0 = Release|Any CPU
		{D866F477-54D2-C344-2BBA-5591669DDEE7}.Debug|Any CPU.ActiveCfg = Debug|Any CPU
		{D866F477-54D2-C344-2BBA-5591669DDEE7}.Debug|Any CPU.Build.0 = Debug|Any CPU
		{D866F477-54D2-C344-2BBA-5591669DDEE7}.Release|Any CPU.ActiveCfg = Release|Any CPU
		{D866F477-54D2-C344-2BBA-5591669DDEE7}.Release|Any CPU.Build.0 = Release|Any CPU
		{85E9DFCE-B901-1F1E-4374-0168E653713A}.Debug|Any CPU.ActiveCfg = Debug|Any CPU
		{85E9DFCE-B901-1F1E-4374-0168E653713A}.Debug|Any CPU.Build.0 = Debug|Any CPU
		{85E9DFCE-B901-1F1E-4374-0168E653713A}.Release|Any CPU.ActiveCfg = Release|Any CPU
		{85E9DFCE-B901-1F1E-4374-0168E653713A}.Release|Any CPU.Build.0 = Release|Any CPU
	EndGlobalSection
	GlobalSection(SolutionProperties) = preSolution
		HideSolutionNode = FALSE
	EndGlobalSection
EndGlobal
